
Microsoft Visual Studio Solution File, Format Version 12.00
# Visual Studio Version 16
VisualStudioVersion = 16.0.29519.87
MinimumVisualStudioVersion = 10.0.40219.1
Project("{FAE04EC0-301F-11D3-BF4B-00C04F79EFBC}") = "TokenManage", "TokenManage\TokenManage.csproj", "{125F1361-807E-49EB-8FA8-1785CB6678EA}"
EndProject
Project("{FAE04EC0-301F-11D3-BF4B-00C04F79EFBC}") = "TokenManageCLI", "TokenManageCLI\TokenManageCLI.csproj", "{687AC283-4E0A-4B00-BE74-7A0A7F92E34F}"
EndProject
Global
	GlobalSection(SolutionConfigurationPlatforms) = preSolution
		Debug|Any CPU = Debug|Any CPU
		Release|Any CPU = Release|Any CPU
	EndGlobalSection
	GlobalSection(ProjectConfigurationPlatforms) = postSolution
		{125F1361-807E-49EB-8FA8-1785CB6678EA}.Debug|Any CPU.ActiveCfg = Debug|Any CPU
		{125F1361-807E-49EB-8FA8-1785CB6678EA}.Debug|Any CPU.Build.0 = Debug|Any CPU
		{125F1361-807E-49EB-8FA8-1785CB6678EA}.Release|Any CPU.ActiveCfg = Release|Any CPU
		{125F1361-807E-49EB-8FA8-1785CB6678EA}.Release|Any CPU.Build.0 = Release|Any CPU
		{687AC283-4E0A-4B00-BE74-7A0A7F92E34F}.Debug|Any CPU.ActiveCfg = Debug|Any CPU
		{687AC283-4E0A-4B00-BE74-7A0A7F92E34F}.Debug|Any CPU.Build.0 = Debug|Any CPU
		{687AC283-4E0A-4B00-BE74-7A0A7F92E34F}.Release|Any CPU.ActiveCfg = Release|Any CPU
		{687AC283-4E0A-4B00-BE74-7A0A7F92E34F}.Release|Any CPU.Build.0 = Release|Any CPU
	EndGlobalSection
	GlobalSection(SolutionProperties) = preSolution
		HideSolutionNode = FALSE
	EndGlobalSection
	GlobalSection(ExtensibilityGlobals) = postSolution
		SolutionGuid = {67211A65-E1B6-495C-8389-A47626E33C7C}
	EndGlobalSection
EndGlobal
